// !$*UTF8*$!
{
	archiveVersion = 1;
	classes = {
	};
	objectVersion = 50;
	objects = {

/* Begin PBXBuildFile section */
		A8C09297260291CD0084CAAA /* AppDelegate.swift in Sources */ = {isa = PBXBuildFile; fileRef = A8C09296260291CD0084CAAA /* AppDelegate.swift */; };
		A8C09299260291CE0084CAAA /* Scene.sks in Resources */ = {isa = PBXBuildFile; fileRef = A8C09298260291CE0084CAAA /* Scene.sks */; };
		A8C0929B260291CE0084CAAA /* Scene.swift in Sources */ = {isa = PBXBuildFile; fileRef = A8C0929A260291CE0084CAAA /* Scene.swift */; };
		A8C0929D260291CE0084CAAA /* ViewController.swift in Sources */ = {isa = PBXBuildFile; fileRef = A8C0929C260291CE0084CAAA /* ViewController.swift */; };
		A8C092A0260291CE0084CAAA /* Main.storyboard in Resources */ = {isa = PBXBuildFile; fileRef = A8C0929E260291CE0084CAAA /* Main.storyboard */; };
		A8C092A2260291D00084CAAA /* Assets.xcassets in Resources */ = {isa = PBXBuildFile; fileRef = A8C092A1260291D00084CAAA /* Assets.xcassets */; };
		A8C092A5260291D00084CAAA /* LaunchScreen.storyboard in Resources */ = {isa = PBXBuildFile; fileRef = A8C092A3260291D00084CAAA /* LaunchScreen.storyboard */; };
		A8C092B42602D9490084CAAA /* Die.wav in Resources */ = {isa = PBXBuildFile; fileRef = A8C092AF2602D9490084CAAA /* Die.wav */; };
		A8C092B52602D9490084CAAA /* GameStart.wav in Resources */ = {isa = PBXBuildFile; fileRef = A8C092B02602D9490084CAAA /* GameStart.wav */; };
		A8C092B62602D9490084CAAA /* Collect.wav in Resources */ = {isa = PBXBuildFile; fileRef = A8C092B12602D9490084CAAA /* Collect.wav */; };
		A8C092B72602D9490084CAAA /* Spawn.wav in Resources */ = {isa = PBXBuildFile; fileRef = A8C092B22602D9490084CAAA /* Spawn.wav */; };
		A8C092B82602D9490084CAAA /* GameOver.wav in Resources */ = {isa = PBXBuildFile; fileRef = A8C092B32602D9490084CAAA /* GameOver.wav */; };
/* End PBXBuildFile section */

/* Begin PBXFileReference section */
		A8C09293260291CD0084CAAA /* EmojiPop.app */ = {isa = PBXFileReference; explicitFileType = wrapper.application; includeInIndex = 0; path = EmojiPop.app; sourceTree = BUILT_PRODUCTS_DIR; };
		A8C09296260291CD0084CAAA /* AppDelegate.swift */ = {isa = PBXFileReference; lastKnownFileType = sourcecode.swift; path = AppDelegate.swift; sourceTree = "<group>"; };
		A8C09298260291CE0084CAAA /* Scene.sks */ = {isa = PBXFileReference; lastKnownFileType = file.sks; path = Scene.sks; sourceTree = "<group>"; };
		A8C0929A260291CE0084CAAA /* Scene.swift */ = {isa = PBXFileReference; lastKnownFileType = sourcecode.swift; path = Scene.swift; sourceTree = "<group>"; };
		A8C0929C260291CE0084CAAA /* ViewController.swift */ = {isa = PBXFileReference; lastKnownFileType = sourcecode.swift; path = ViewController.swift; sourceTree = "<group>"; };
		A8C0929F260291CE0084CAAA /* Base */ = {isa = PBXFileReference; lastKnownFileType = file.storyboard; name = Base; path = Base.lproj/Main.storyboard; sourceTree = "<group>"; };
		A8C092A1260291D00084CAAA /* Assets.xcassets */ = {isa = PBXFileReference; lastKnownFileType = folder.assetcatalog; path = Assets.xcassets; sourceTree = "<group>"; };
		A8C092A4260291D00084CAAA /* Base */ = {isa = PBXFileReference; lastKnownFileType = file.storyboard; name = Base; path = Base.lproj/LaunchScreen.storyboard; sourceTree = "<group>"; };
		A8C092A6260291D00084CAAA /* Info.plist */ = {isa = PBXFileReference; lastKnownFileType = text.plist.xml; path = Info.plist; sourceTree = "<group>"; };
		A8C092AF2602D9490084CAAA /* Die.wav */ = {isa = PBXFileReference; lastKnownFileType = audio.wav; path = Die.wav; sourceTree = "<group>"; };
		A8C092B02602D9490084CAAA /* GameStart.wav */ = {isa = PBXFileReference; lastKnownFileType = audio.wav; path = GameStart.wav; sourceTree = "<group>"; };
		A8C092B12602D9490084CAAA /* Collect.wav */ = {isa = PBXFileReference; lastKnownFileType = audio.wav; path = Collect.wav; sourceTree = "<group>"; };
		A8C092B22602D9490084CAAA /* Spawn.wav */ = {isa = PBXFileReference; lastKnownFileType = audio.wav; path = Spawn.wav; sourceTree = "<group>"; };
		A8C092B32602D9490084CAAA /* GameOver.wav */ = {isa = PBXFileReference; lastKnownFileType = audio.wav; path = GameOver.wav; sourceTree = "<group>"; };
/* End PBXFileReference section */

/* Begin PBXFrameworksBuildPhase section */
		A8C09290260291CD0084CAAA /* Frameworks */ = {
			isa = PBXFrameworksBuildPhase;
			buildActionMask = 2147483647;
			files = (
			);
			runOnlyForDeploymentPostprocessing = 0;
		};
/* End PBXFrameworksBuildPhase section */

/* Begin PBXGroup section */
		A8C0928A260291CD0084CAAA = {
			isa = PBXGroup;
			children = (
				A8C09295260291CD0084CAAA /* EmojiPop */,
				A8C09294260291CD0084CAAA /* Products */,
			);
			sourceTree = "<group>";
		};
		A8C09294260291CD0084CAAA /* Products */ = {
			isa = PBXGroup;
			children = (
				A8C09293260291CD0084CAAA /* EmojiPop.app */,
			);
			name = Products;
			sourceTree = "<group>";
		};
		A8C09295260291CD0084CAAA /* EmojiPop */ = {
			isa = PBXGroup;
			children = (
				A8C09296260291CD0084CAAA /* AppDelegate.swift */,
				A8C09298260291CE0084CAAA /* Scene.sks */,
				A8C0929A260291CE0084CAAA /* Scene.swift */,
				A8C0929C260291CE0084CAAA /* ViewController.swift */,
				A8C0929E260291CE0084CAAA /* Main.storyboard */,
				A8C092A1260291D00084CAAA /* Assets.xcassets */,
				A8C092AE2602D9490084CAAA /* SoundEffects */,
				A8C092A3260291D00084CAAA /* LaunchScreen.storyboard */,
				A8C092A6260291D00084CAAA /* Info.plist */,
			);
			path = EmojiPop;
			sourceTree = "<group>";
		};
		A8C092AE2602D9490084CAAA /* SoundEffects */ = {
			isa = PBXGroup;
			children = (
				A8C092AF2602D9490084CAAA /* Die.wav */,
				A8C092B02602D9490084CAAA /* GameStart.wav */,
				A8C092B12602D9490084CAAA /* Collect.wav */,
				A8C092B22602D9490084CAAA /* Spawn.wav */,
				A8C092B32602D9490084CAAA /* GameOver.wav */,
			);
			path = SoundEffects;
			sourceTree = "<group>";
		};
/* End PBXGroup section */

/* Begin PBXNativeTarget section */
		A8C09292260291CD0084CAAA /* EmojiPop */ = {
			isa = PBXNativeTarget;
			buildConfigurationList = A8C092A9260291D00084CAAA /* Build configuration list for PBXNativeTarget "EmojiPop" */;
			buildPhases = (
				A8C0928F260291CD0084CAAA /* Sources */,
				A8C09290260291CD0084CAAA /* Frameworks */,
				A8C09291260291CD0084CAAA /* Resources */,
			);
			buildRules = (
			);
			dependencies = (
			);
			name = EmojiPop;
			productName = EmojiPop;
			productReference = A8C09293260291CD0084CAAA /* EmojiPop.app */;
			productType = "com.apple.product-type.application";
		};
/* End PBXNativeTarget section */

/* Begin PBXProject section */
		A8C0928B260291CD0084CAAA /* Project object */ = {
			isa = PBXProject;
			attributes = {
				LastSwiftUpdateCheck = 1240;
				LastUpgradeCheck = 1240;
				TargetAttributes = {
					A8C09292260291CD0084CAAA = {
						CreatedOnToolsVersion = 12.4;
					};
				};
			};
			buildConfigurationList = A8C0928E260291CD0084CAAA /* Build configuration list for PBXProject "EmojiPop" */;
			compatibilityVersion = "Xcode 9.3";
			developmentRegion = en;
			hasScannedForEncodings = 0;
			knownRegions = (
				en,
				Base,
			);
			mainGroup = A8C0928A260291CD0084CAAA;
			productRefGroup = A8C09294260291CD0084CAAA /* Products */;
			projectDirPath = "";
			projectRoot = "";
			targets = (
				A8C09292260291CD0084CAAA /* EmojiPop */,
			);
		};
/* End PBXProject section */

/* Begin PBXResourcesBuildPhase section */
		A8C09291260291CD0084CAAA /* Resources */ = {
			isa = PBXResourcesBuildPhase;
			buildActionMask = 2147483647;
			files = (
				A8C09299260291CE0084CAAA /* Scene.sks in Resources */,
				A8C092B52602D9490084CAAA /* GameStart.wav in Resources */,
				A8C092B82602D9490084CAAA /* GameOver.wav in Resources */,
				A8C092B42602D9490084CAAA /* Die.wav in Resources */,
				A8C092A5260291D00084CAAA /* LaunchScreen.storyboard in Resources */,
				A8C092A2260291D00084CAAA /* Assets.xcassets in Resources */,
				A8C092B62602D9490084CAAA /* Collect.wav in Resources */,
				A8C092B72602D9490084CAAA /* Spawn.wav in Resources */,
				A8C092A0260291CE0084CAAA /* Main.storyboard in Resources */,
			);
			runOnlyForDeploymentPostprocessing = 0;
		};
/* End PBXResourcesBuildPhase section */

/* Begin PBXSourcesBuildPhase section */
		A8C0928F260291CD0084CAAA /* Sources */ = {
			isa = PBXSourcesBuildPhase;
			buildActionMask = 2147483647;
			files = (
				A8C0929D260291CE0084CAAA /* ViewController.swift in Sources */,
				A8C0929B260291CE0084CAAA /* Scene.swift in Sources */,
				A8C09297260291CD0084CAAA /* AppDelegate.swift in Sources */,
			);
			runOnlyForDeploymentPostprocessing = 0;
		};
/* End PBXSourcesBuildPhase section */

/* Begin PBXVariantGroup section */
		A8C0929E260291CE0084CAAA /* Main.storyboard */ = {
			isa = PBXVariantGroup;
			children = (
				A8C0929F260291CE0084CAAA /* Base */,
			);
			name = Main.storyboard;
			sourceTree = "<group>";
		};
		A8C092A3260291D00084CAAA /* LaunchScreen.storyboard */ = {
			isa = PBXVariantGroup;
			children = (
				A8C092A4260291D00084CAAA /* Base */,
			);
			name = LaunchScreen.storyboard;
			sourceTree = "<group>";
		};
/* End PBXVariantGroup section */

/* Begin XCBuildConfiguration section */
		A8C092A7260291D00084CAAA /* Debug */ = {
			isa = XCBuildConfiguration;
			buildSettings = {
				ALWAYS_SEARCH_USER_PATHS = NO;
				CLANG_ANALYZER_NONNULL = YES;
				CLANG_ANALYZER_NUMBER_OBJECT_CONVERSION = YES_AGGRESSIVE;
				CLANG_CXX_LANGUAGE_STANDARD = "gnu++14";
				CLANG_CXX_LIBRARY = "libc++";
				CLANG_ENABLE_MODULES = YES;
				CLANG_ENABLE_OBJC_ARC = YES;
				CLANG_ENABLE_OBJC_WEAK = YES;
				CLANG_WARN_BLOCK_CAPTURE_AUTORELEASING = YES;
				CLANG_WARN_BOOL_CONVERSION = YES;
				CLANG_WARN_COMMA = YES;
				CLANG_WARN_CONSTANT_CONVERSION = YES;
				CLANG_WARN_DEPRECATED_OBJC_IMPLEMENTATIONS = YES;
				CLANG_WARN_DIRECT_OBJC_ISA_USAGE = YES_ERROR;
				CLANG_WARN_DOCUMENTATION_COMMENTS = YES;
				CLANG_WARN_EMPTY_BODY = YES;
				CLANG_WARN_ENUM_CONVERSION = YES;
				CLANG_WARN_INFINITE_RECURSION = YES;
				CLANG_WARN_INT_CONVERSION = YES;
				CLANG_WARN_NON_LITERAL_NULL_CONVERSION = YES;
				CLANG_WARN_OBJC_IMPLICIT_RETAIN_SELF = YES;
				CLANG_WARN_OBJC_LITERAL_CONVERSION = YES;
				CLANG_WARN_OBJC_ROOT_CLASS = YES_ERROR;
				CLANG_WARN_QUOTED_INCLUDE_IN_FRAMEWORK_HEADER = YES;
				CLANG_WARN_RANGE_LOOP_ANALYSIS = YES;
				CLANG_WARN_STRICT_PROTOTYPES = YES;
				CLANG_WARN_SUSPICIOUS_MOVE = YES;
				CLANG_WARN_UNGUARDED_AVAILABILITY = YES_AGGRESSIVE;
				CLANG_WARN_UNREACHABLE_CODE = YES;
				CLANG_WARN__DUPLICATE_METHOD_MATCH = YES;
				COPY_PHASE_STRIP = NO;
				DEBUG_INFORMATION_FORMAT = dwarf;
				ENABLE_STRICT_OBJC_MSGSEND = YES;
				ENABLE_TESTABILITY = YES;
				GCC_C_LANGUAGE_STANDARD = gnu11;
				GCC_DYNAMIC_NO_PIC = NO;
				GCC_NO_COMMON_BLOCKS = YES;
				GCC_OPTIMIZATION_LEVEL = 0;
				GCC_PREPROCESSOR_DEFINITIONS = (
					"DEBUG=1",
					"$(inherited)",
				);
				GCC_WARN_64_TO_32_BIT_CONVERSION = YES;
				GCC_WARN_ABOUT_RETURN_TYPE = YES_ERROR;
				GCC_WARN_UNDECLARED_SELECTOR = YES;
				GCC_WARN_UNINITIALIZED_AUTOS = YES_AGGRESSIVE;
				GCC_WARN_UNUSED_FUNCTION = YES;
				GCC_WARN_UNUSED_VARIABLE = YES;
				IPHONEOS_DEPLOYMENT_TARGET = 14.4;
				MTL_ENABLE_DEBUG_INFO = INCLUDE_SOURCE;
				MTL_FAST_MATH = YES;
				ONLY_ACTIVE_ARCH = YES;
				SDKROOT = iphoneos;
				SWIFT_ACTIVE_COMPILATION_CONDITIONS = DEBUG;
				SWIFT_OPTIMIZATION_LEVEL = "-Onone";
			};
			name = Debug;
		};
		A8C092A8260291D00084CAAA /* Release */ = {
			isa = XCBuildConfiguration;
			buildSettings = {
				ALWAYS_SEARCH_USER_PATHS = NO;
				CLANG_ANALYZER_NONNULL = YES;
				CLANG_ANALYZER_NUMBER_OBJECT_CONVERSION = YES_AGGRESSIVE;
				CLANG_CXX_LANGUAGE_STANDARD = "gnu++14";
				CLANG_CXX_LIBRARY = "libc++";
				CLANG_ENABLE_MODULES = YES;
				CLANG_ENABLE_OBJC_ARC = YES;
				CLANG_ENABLE_OBJC_WEAK = YES;
				CLANG_WARN_BLOCK_CAPTURE_AUTORELEASING = YES;
				CLANG_WARN_BOOL_CONVERSION = YES;
				CLANG_WARN_COMMA = YES;
				CLANG_WARN_CONSTANT_CONVERSION = YES;
				CLANG_WARN_DEPRECATED_OBJC_IMPLEMENTATIONS = YES;
				CLANG_WARN_DIRECT_OBJC_ISA_USAGE = YES_ERROR;
				CLANG_WARN_DOCUMENTATION_COMMENTS = YES;
				CLANG_WARN_EMPTY_BODY = YES;
				CLANG_WARN_ENUM_CONVERSION = YES;
				CLANG_WARN_INFINITE_RECURSION = YES;
				CLANG_WARN_INT_CONVERSION = YES;
				CLANG_WARN_NON_LITERAL_NULL_CONVERSION = YES;
				CLANG_WARN_OBJC_IMPLICIT_RETAIN_SELF = YES;
				CLANG_WARN_OBJC_LITERAL_CONVERSION = YES;
				CLANG_WARN_OBJC_ROOT_CLASS = YES_ERROR;
				CLANG_WARN_QUOTED_INCLUDE_IN_FRAMEWORK_HEADER = YES;
				CLANG_WARN_RANGE_LOOP_ANALYSIS = YES;
				CLANG_WARN_STRICT_PROTOTYPES = YES;
				CLANG_WARN_SUSPICIOUS_MOVE = YES;
				CLANG_WARN_UNGUARDED_AVAILABILITY = YES_AGGRESSIVE;
				CLANG_WARN_UNREACHABLE_CODE = YES;
				CLANG_WARN__DUPLICATE_METHOD_MATCH = YES;
				COPY_PHASE_STRIP = NO;
				DEBUG_INFORMATION_FORMAT = "dwarf-with-dsym";
				ENABLE_NS_ASSERTIONS = NO;
				ENABLE_STRICT_OBJC_MSGSEND = YES;
				GCC_C_LANGUAGE_STANDARD = gnu11;
				GCC_NO_COMMON_BLOCKS = YES;
				GCC_WARN_64_TO_32_BIT_CONVERSION = YES;
				GCC_WARN_ABOUT_RETURN_TYPE = YES_ERROR;
				GCC_WARN_UNDECLARED_SELECTOR = YES;
				GCC_WARN_UNINITIALIZED_AUTOS = YES_AGGRESSIVE;
				GCC_WARN_UNUSED_FUNCTION = YES;
				GCC_WARN_UNUSED_VARIABLE = YES;
				IPHONEOS_DEPLOYMENT_TARGET = 14.4;
				MTL_ENABLE_DEBUG_INFO = NO;
				MTL_FAST_MATH = YES;
				SDKROOT = iphoneos;
				SWIFT_COMPILATION_MODE = wholemodule;
				SWIFT_OPTIMIZATION_LEVEL = "-O";
				VALIDATE_PRODUCT = YES;
			};
			name = Release;
		};
		A8C092AA260291D00084CAAA /* Debug */ = {
			isa = XCBuildConfiguration;
			buildSettings = {
				ASSETCATALOG_COMPILER_APPICON_NAME = AppIcon;
				ASSETCATALOG_COMPILER_GLOBAL_ACCENT_COLOR_NAME = AccentColor;
				CODE_SIGN_STYLE = Automatic;
				DEVELOPMENT_TEAM = 5Z6M6KC5SH;
				INFOPLIST_FILE = EmojiPop/Info.plist;
				LD_RUNPATH_SEARCH_PATHS = (
					"$(inherited)",
					"@executable_path/Frameworks",
				);
				PRODUCT_BUNDLE_IDENTIFIER = com.carloshperc.EmojiPop;
				PRODUCT_NAME = "$(TARGET_NAME)";
				SWIFT_VERSION = 5.0;
				TARGETED_DEVICE_FAMILY = "1,2";
			};
			name = Debug;
		};
		A8C092AB260291D00084CAAA /* Release */ = {
			isa = XCBuildConfiguration;
			buildSettings = {
				ASSETCATALOG_COMPILER_APPICON_NAME = AppIcon;
				ASSETCATALOG_COMPILER_GLOBAL_ACCENT_COLOR_NAME = AccentColor;
				CODE_SIGN_STYLE = Automatic;
				DEVELOPMENT_TEAM = 5Z6M6KC5SH;
				INFOPLIST_FILE = EmojiPop/Info.plist;
				LD_RUNPATH_SEARCH_PATHS = (
					"$(inherited)",
					"@executable_path/Frameworks",
				);
				PRODUCT_BUNDLE_IDENTIFIER = com.carloshperc.EmojiPop;
				PRODUCT_NAME = "$(TARGET_NAME)";
				SWIFT_VERSION = 5.0;
				TARGETED_DEVICE_FAMILY = "1,2";
			};
			name = Release;
		};
/* End XCBuildConfiguration section */

/* Begin XCConfigurationList section */
		A8C0928E260291CD0084CAAA /* Build configuration list for PBXProject "EmojiPop" */ = {
			isa = XCConfigurationList;
			buildConfigurations = (
				A8C092A7260291D00084CAAA /* Debug */,
				A8C092A8260291D00084CAAA /* Release */,
			);
			defaultConfigurationIsVisible = 0;
			defaultConfigurationName = Release;
		};
		A8C092A9260291D00084CAAA /* Build configuration list for PBXNativeTarget "EmojiPop" */ = {
			isa = XCConfigurationList;
			buildConfigurations = (
				A8C092AA260291D00084CAAA /* Debug */,
				A8C092AB260291D00084CAAA /* Release */,
			);
			defaultConfigurationIsVisible = 0;
			defaultConfigurationName = Release;
		};
/* End XCConfigurationList section */
	};
	rootObject = A8C0928B260291CD0084CAAA /* Project object */;
}
